# THIS IS AN AUTOGENERATED FILE. DO NOT EDIT THIS FILE DIRECTLY.
# yarn lockfile v1


"@codemirror/language@^6.0.0":
  version "6.12.4"
  resolved "https://ms-feed-2.pkgs.visualstudio.com/1es-public/_packaging/npm-public/npm/registry/@codemirror/language/-/language-6.12.4.tgz#01e70fd5aa3a8a067ff1dfec75d5b6394cdfa058"
  integrity sha1-AecP1ao6igZ/8d/sddW2OUzfoFg=
  dependencies:
    "@codemirror/state" "^6.0.0"
    "@codemirror/view" "^6.23.0"
    "@lezer/common" "^1.5.0"
    "@lezer/highlight" "^1.0.0"
    "@lezer/lr" "^1.0.0"
    style-mod "^4.0.0"

"@codemirror/state@^6.0.0", "@codemirror/state@^6.7.0":
  version "6.7.1"
  resolved "https://ms-feed-17.pkgs.visualstudio.com/1es-public/_packaging/npm-public/npm/registry/@codemirror/state/-/state-6.7.1.tgz#9e88a17448c1dbc7b50acbeeec979ed7ccf1d6fc"
  integrity sha1-noihdEjB28e1Csvu7Jee18zx1vw=
  dependencies:
    "@marijn/find-cluster-break" "^1.0.0"

"@codemirror/view@^6.0.0", "@codemirror/view@^6.23.0":
  version "6.43.8"
  resolved "https://ms-feed-17.pkgs.visualstudio.com/1es-public/_packaging/npm-public/npm/registry/@codemirror/view/-/view-6.43.8.tgz#c211dc77aca139ecc51aff7712c0c4a32cc5f74a"
  integrity sha1-whHcd6yhOezFGv93EsDEoyzF90o=
  dependencies:
    "@codemirror/state" "^6.7.0"
    crelt "^1.0.6"
    style-mod "^4.1.0"
    w3c-keyname "^2.2.4"

"@lezer/common@^1.0.0", "@lezer/common@^1.3.0", "@lezer/common@^1.5.0":
  version "1.5.2"
  resolved "https://ms-feed-12.pkgs.visualstudio.com/1es-public/_packaging/npm-public/npm/registry/@lezer/common/-/common-1.5.2.tgz#d6840db13779e3f1b42e70c9a97c4086d12fae22"
  integrity sha1-1oQNsTd54/G0LnDJqXxAhtEvriI=

"@lezer/highlight@^1.0.0":
  version "1.2.3"
  resolved "https://ms-feed-12.pkgs.visualstudio.com/1es-public/_packaging/npm-public/npm/registry/@lezer/highlight/-/highlight-1.2.3.tgz#a20f324b71148a2ea9ba6ff42e58bbfaec702857"
  integrity sha1-og8yS3EUii6pum/0Lli7+uxwKFc=
  dependencies:
    "@lezer/common" "^1.3.0"

"@lezer/lr@^1.0.0":
  version "1.4.10"
  resolved "https://ms-feed-12.pkgs.visualstudio.com/1es-public/_packaging/npm-public/npm/registry/@lezer/lr/-/lr-1.4.10.tgz#b3acc36e5ad049b74ddb7719594e7e74d9161ff5"
  integrity sha1-s6zDblrQSbdN23cZWU5+dNkWH/U=
  dependencies:
    "@lezer/common" "^1.0.0"

"@lezer/markdown@^1.0.0":
  version "1.7.2"
  resolved "https://ms-feed-12.pkgs.visualstudio.com/1es-public/_packaging/npm-public/npm/registry/@lezer/markdown/-/markdown-1.7.2.tgz#dfe0249813dc8faa60b4659a4ca2b8da6dcaf753"
  integrity sha1-3+AkmBPcj6pgtGWaTKK42m3K91M=
  dependencies:
    "@lezer/common" "^1.5.0"
    "@lezer/highlight" "^1.0.0"

"@marijn/find-cluster-break@^1.0.0":
  version "1.0.3"
  resolved "https://ms-feed-17.pkgs.visualstudio.com/1es-public/_packaging/npm-public/npm/registry/@marijn/find-cluster-break/-/find-cluster-break-1.0.3.tgz#bdbe907e00c17c84e33fc51b1519d9aa211e7e8e"
  integrity sha1-vb6QfgDBfITjP8UbFRnZqiEefo4=

"@oxc-project/types@=0.142.0":
  version "0.142.0"
  resolved "https://ms-feed-25.pkgs.visualstudio.com/1es-public/_packaging/npm-public/npm/registry/@oxc-project/types/-/types-0.142.0.tgz#0b4bd7841ef3dd267a69184b97452cc0b313fb52"
  integrity sha1-C0vXhB7z3SZ6aRhLl0UswLMT+1I=

"@rolldown/binding-android-arm64@1.2.2":
  version "1.2.2"
  resolved "https://ms-feed-25.pkgs.visualstudio.com/1es-public/_packaging/npm-public/npm/registry/@rolldown/binding-android-arm64/-/binding-android-arm64-1.2.2.tgz#b7d235d45b38c84f26892ac804bb4f17438abbfe"
  integrity sha1-t9I11Fs4yE8miSrIBLtPF0OKu/4=

"@rolldown/binding-darwin-arm64@1.2.2":
  version "1.2.2"
  resolved "https://ms-feed-2.pkgs.visualstudio.com/1es-public/_packaging/npm-public/npm/registry/@rolldown/binding-darwin-arm64/-/binding-darwin-arm64-1.2.2.tgz#9021db224155f15a41ab698332edb3003118fdcd"
  integrity sha1-kCHbIkFV8VpBq2mDMu2zADEY/c0=

"@rolldown/binding-darwin-x64@1.2.2":
  version "1.2.2"
  resolved "https://ms-feed-12.pkgs.visualstudio.com/1es-public/_packaging/npm-public/npm/registry/@rolldown/binding-darwin-x64/-/binding-darwin-x64-1.2.2.tgz#7f9db5618d0ce463f9b0bbaeeea48d1b30bb969c"
  integrity sha1-f521YY0M5GP5sLuu7qSNGzC7lpw=

"@rolldown/binding-freebsd-x64@1.2.2":
  version "1.2.2"
  resolved "https://ms-feed-25.pkgs.visualstudio.com/1es-public/_packaging/npm-public/npm/registry/@rolldown/binding-freebsd-x64/-/binding-freebsd-x64-1.2.2.tgz#5fbb92529fb8dd73fe6c9213a9a0b9e1fd8b8ae1"
  integrity sha1-X7uSUp+43XP+bJITqaC54f2LiuE=

"@rolldown/binding-linux-arm-gnueabihf@1.2.2":
  version "1.2.2"
  resolved "https://ms-feed-2.pkgs.visualstudio.com/1es-public/_packaging/npm-public/npm/registry/@rolldown/binding-linux-arm-gnueabihf/-/binding-linux-arm-gnueabihf-1.2.2.tgz#a836aadfa38ea778bdc5508eefd5036f5bbf8052"
  integrity sha1-qDaq36OOp3i9xVCO79UDb1u/gFI=

"@rolldown/binding-linux-arm64-gnu@1.2.2":
  version "1.2.2"
  resolved "https://ms-feed-2.pkgs.visualstudio.com/1es-public/_packaging/npm-public/npm/registry/@rolldown/binding-linux-arm64-gnu/-/binding-linux-arm64-gnu-1.2.2.tgz#c77db5c243a81d8241b5e4ef6a99a82c8acf9a40"
  integrity sha1-x321wkOoHYJBteTvapmoLIrPmkA=

"@rolldown/binding-linux-arm64-musl@1.2.2":
  version "1.2.2"
  resolved "https://ms-feed-2.pkgs.visualstudio.com/1es-public/_packaging/npm-public/npm/registry/@rolldown/binding-linux-arm64-musl/-/binding-linux-arm64-musl-1.2.2.tgz#06ece98872eb3c5b12967faa8e07ef2b03e02d06"
  integrity sha1-BuzpiHLrPFsSln+qjgfvKwPgLQY=

"@rolldown/binding-linux-ppc64-gnu@1.2.2":
  version "1.2.2"
  resolved "https://ms-feed-17.pkgs.visualstudio.com/1es-public/_packaging/npm-public/npm/registry/@rolldown/binding-linux-ppc64-gnu/-/binding-linux-ppc64-gnu-1.2.2.tgz#b6f55bcc83852080f8478ec5da0e88b2e3f9a6d1"
  integrity sha1-tvVbzIOFIID4R47F2g6IsuP5ptE=

"@rolldown/binding-linux-s390x-gnu@1.2.2":
  version "1.2.2"
  resolved "https://ms-feed-17.pkgs.visualstudio.com/1es-public/_packaging/npm-public/npm/registry/@rolldown/binding-linux-s390x-gnu/-/binding-linux-s390x-gnu-1.2.2.tgz#7fa416d2c37af654f28b432e24e5be9483b89f19"
  integrity sha1-f6QW0sN69lTyi0MuJOW+lIO4nxk=

"@rolldown/binding-linux-x64-gnu@1.2.2":
  version "1.2.2"
  resolved "https://ms-feed-25.pkgs.visualstudio.com/1es-public/_packaging/npm-public/npm/registry/@rolldown/binding-linux-x64-gnu/-/binding-linux-x64-gnu-1.2.2.tgz#9aefa67e7224cfd4464373a9a4f5381cd19cae3b"
  integrity sha1-mu+mfnIkz9RGQ3OppPU4HNGcrjs=

"@rolldown/binding-linux-x64-musl@1.2.2":
  version "1.2.2"
  resolved "https://ms-feed-25.pkgs.visualstudio.com/1es-public/_packaging/npm-public/npm/registry/@rolldown/binding-linux-x64-musl/-/binding-linux-x64-musl-1.2.2.tgz#8cd7160aeb5b4bac33fceaf3d7e0c67a0c78ca1d"
  integrity sha1-jNcWCutbS6wz/Orz1+DGegx4yh0=

"@rolldown/binding-openharmony-arm64@1.2.2":
  version "1.2.2"
  resolved "https://ms-feed-12.pkgs.visualstudio.com/1es-public/_packaging/npm-public/npm/registry/@rolldown/binding-openharmony-arm64/-/binding-openharmony-arm64-1.2.2.tgz#0c391a08a39a09794af973eece78216c80e144f6"
  integrity sha1-DDkaCKOaCXlK+XPuznghbIDhRPY=

"@rolldown/binding-win32-arm64-msvc@1.2.2":
  version "1.2.2"
  resolved "https://ms-feed-17.pkgs.visualstudio.com/1es-public/_packaging/npm-public/npm/registry/@rolldown/binding-win32-arm64-msvc/-/binding-win32-arm64-msvc-1.2.2.tgz#6895265e246164ed2e8162cba91c0c3fc2bf3684"
  integrity sha1-aJUmXiRhZO0ugWLLqRwMP8K/NoQ=

"@rolldown/binding-win32-x64-msvc@1.2.2":
  version "1.2.2"
  resolved "https://ms-feed-12.pkgs.visualstudio.com/1es-public/_packaging/npm-public/npm/registry/@rolldown/binding-win32-x64-msvc/-/binding-win32-x64-msvc-1.2.2.tgz#35ded920432fa7b16816e9042d3679cfd1b1298a"
  integrity sha1-Nd7ZIEMvp7FoFukELTZ5z9GxKYo=

"@rolldown/pluginutils@^1.0.0":
  version "1.0.1"
  resolved "https://ms-feed-17.pkgs.visualstudio.com/1es-public/_packaging/npm-public/npm/registry/@rolldown/pluginutils/-/pluginutils-1.0.1.tgz#e3fcee093fbb5ce765e1ad088ff4de2889f6f9be"
  integrity sha1-4/zuCT+7XOdl4a0Ij/TeKIn2+b4=

"@types/node@^22.0.0":
  version "22.20.1"
  resolved "https://ms-feed-25.pkgs.visualstudio.com/1es-public/_packaging/npm-public/npm/registry/@types/node/-/node-22.20.1.tgz#84e7cdf63cdaa20c134aa317ccc901aa21e16f0e"
  integrity sha1-hOfN9jzaogwTSqMXzMkBqiHhbw4=
  dependencies:
    undici-types "~6.21.0"

crelt@^1.0.6:
  version "1.0.7"
  resolved "https://ms-feed-12.pkgs.visualstudio.com/1es-public/_packaging/npm-public/npm/registry/crelt/-/crelt-1.0.7.tgz#3b441b2ddfa73161d6a2770aa4cd677f895eaf28"
  integrity sha1-O0QbLd+nMWHWoncKpM1nf4leryg=

detect-libc@^2.0.3:
  version "2.1.2"
  resolved "https://ms-feed-2.pkgs.visualstudio.com/1es-public/_packaging/npm-public/npm/registry/detect-libc/-/detect-libc-2.1.2.tgz#689c5dcdc1900ef5583a4cb9f6d7b473742074ad"
  integrity sha1-aJxdzcGQDvVYOky59te0c3QgdK0=

fdir@^6.5.0:
  version "6.5.0"
  resolved "https://ms-feed-25.pkgs.visualstudio.com/1es-public/_packaging/npm-public/npm/registry/fdir/-/fdir-6.5.0.tgz#ed2ab967a331ade62f18d077dae192684d50d350"
  integrity sha1-7Sq5Z6MxreYvGNB32uGSaE1Q01A=

fsevents@~2.3.3:
  version "2.3.3"
  resolved "https://ms-feed-25.pkgs.visualstudio.com/1es-public/_packaging/npm-public/npm/registry/fsevents/-/fsevents-2.3.3.tgz#cac6407785d03675a2a5e1a5305c697b347d90d6"
  integrity sha1-ysZAd4XQNnWipeGlMFxpezR9kNY=

lightningcss-android-arm64@1.33.0:
  version "1.33.0"
  resolved "https://ms-feed-12.pkgs.visualstudio.com/1es-public/_packaging/npm-public/npm/registry/lightningcss-android-arm64/-/lightningcss-android-arm64-1.33.0.tgz#9a6841f88ae50fc83502903892b41af41bc2b907"
  integrity sha1-mmhB+IrlD8g1ApA4krQa9BvCuQc=

lightningcss-darwin-arm64@1.33.0:
  version "1.33.0"
  resolved "https://ms-feed-25.pkgs.visualstudio.com/1es-public/_packaging/npm-public/npm/registry/lightningcss-darwin-arm64/-/lightningcss-darwin-arm64-1.33.0.tgz#c0f2c31c0bfd19fa4dd3f18e957a1f1a152097d6"
  integrity sha1-wPLDHAv9GfpN0/GOlXofGhUgl9Y=

lightningcss-darwin-x64@1.33.0:
  version "1.33.0"
  resolved "https://ms-feed-2.pkgs.visualstudio.com/1es-public/_packaging/npm-public/npm/registry/lightningcss-darwin-x64/-/lightningcss-darwin-x64-1.33.0.tgz#cb0705965acb538c6683949ce6925fb3cdf7c361"
  integrity sha1-ywcFllrLU4xmg5Sc5pJfs833w2E=

lightningcss-freebsd-x64@1.33.0:
  version "1.33.0"
  resolved "https://ms-feed-25.pkgs.visualstudio.com/1es-public/_packaging/npm-public/npm/registry/lightningcss-freebsd-x64/-/lightningcss-freebsd-x64-1.33.0.tgz#763538828b26bab2680dadafcc84ee78b0eb502b"
  integrity sha1-djU4gosmurJoDa2vzITueLDrUCs=

lightningcss-linux-arm-gnueabihf@1.33.0:
  version "1.33.0"
  resolved "https://ms-feed-2.pkgs.visualstudio.com/1es-public/_packaging/npm-public/npm/registry/lightningcss-linux-arm-gnueabihf/-/lightningcss-linux-arm-gnueabihf-1.33.0.tgz#6862e3176a331aedbdec1ed352b4d7d0dd0784de"
  integrity sha1-aGLjF2ozGu297B7TUrTX0N0HhN4=

lightningcss-linux-arm64-gnu@1.33.0:
  version "1.33.0"
  resolved "https://ms-feed-2.pkgs.visualstudio.com/1es-public/_packaging/npm-public/npm/registry/lightningcss-linux-arm64-gnu/-/lightningcss-linux-arm64-gnu-1.33.0.tgz#c6a3a2ed15141daf6bdc2628930f8e39bdf473aa"
  integrity sha1-xqOi7RUUHa9r3CYokw+OOb30c6o=

lightningcss-linux-arm64-musl@1.33.0:
  version "1.33.0"
  resolved "https://ms-feed-2.pkgs.visualstudio.com/1es-public/_packaging/npm-public/npm/registry/lightningcss-linux-arm64-musl/-/lightningcss-linux-arm64-musl-1.33.0.tgz#7fa1334971fc82845f9827df6ef8a0b20914bac6"
  integrity sha1-f6EzSXH8goRfmCffbvigsgkUusY=

lightningcss-linux-x64-gnu@1.33.0:
  version "1.33.0"
  resolved "https://ms-feed-2.pkgs.visualstudio.com/1es-public/_packaging/npm-public/npm/registry/lightningcss-linux-x64-gnu/-/lightningcss-linux-x64-gnu-1.33.0.tgz#8b927862ea8c2bbc6831a46509244b50d9936e55"
  integrity sha1-i5J4YuqMK7xoMaRlCSRLUNmTblU=

lightningcss-linux-x64-musl@1.33.0:
  version "1.33.0"
  resolved "https://ms-feed-12.pkgs.visualstudio.com/1es-public/_packaging/npm-public/npm/registry/lightningcss-linux-x64-musl/-/lightningcss-linux-x64-musl-1.33.0.tgz#0c525bb077dfd94404c059cfe42dad797e96aeaf"
  integrity sha1-DFJbsHff2UQEwFnP5C2teX6Wrq8=

lightningcss-win32-arm64-msvc@1.33.0:
  version "1.33.0"
  resolved "https://ms-feed-12.pkgs.visualstudio.com/1es-public/_packaging/npm-public/npm/registry/lightningcss-win32-arm64-msvc/-/lightningcss-win32-arm64-msvc-1.33.0.tgz#850ee1103dac989cfab50e3ac22d1a69e394e63d"
  integrity sha1-hQ7hED2smJz6tQ46wi0aaeOU5j0=

lightningcss-win32-x64-msvc@1.33.0:
  version "1.33.0"
  resolved "https://ms-feed-17.pkgs.visualstudio.com/1es-public/_packaging/npm-public/npm/registry/lightningcss-win32-x64-msvc/-/lightningcss-win32-x64-msvc-1.33.0.tgz#e343ae152eed3609dc6e11949d1a3bf39a1c946f"
  integrity sha1-40OuFS7tNgncbhGUnRo785oclG8=

lightningcss@^1.33.0:
  version "1.33.0"
  resolved "https://ms-feed-17.pkgs.visualstudio.com/1es-public/_packaging/npm-public/npm/registry/lightningcss/-/lightningcss-1.33.0.tgz#c08867d71a79385c6e190214fd72fef3e5f95f0b"
  integrity sha1-wIhn1xp5OFxuGQIU/XL+8+X5Xws=
  dependencies:
    detect-libc "^2.0.3"
  optionalDependencies:
    lightningcss-android-arm64 "1.33.0"
    lightningcss-darwin-arm64 "1.33.0"
    lightningcss-darwin-x64 "1.33.0"
    lightningcss-freebsd-x64 "1.33.0"
    lightningcss-linux-arm-gnueabihf "1.33.0"
    lightningcss-linux-arm64-gnu "1.33.0"
    lightningcss-linux-arm64-musl "1.33.0"
    lightningcss-linux-x64-gnu "1.33.0"
    lightningcss-linux-x64-musl "1.33.0"
    lightningcss-win32-arm64-msvc "1.33.0"
    lightningcss-win32-x64-msvc "1.33.0"

"markedit-api@https://github.com/MarkEdit-app/MarkEdit-api#v0.30.0":
  version "0.30.0"
  resolved "https://github.com/MarkEdit-app/MarkEdit-api#7b977ce308b57d4a9201147201e2db0394c638d3"

"markedit-vite@https://github.com/MarkEdit-app/MarkEdit-vite#v0.5.0":
  version "0.4.0"
  resolved "https://github.com/MarkEdit-app/MarkEdit-vite#4461f569c8b7184598021442445579cf2723af5b"

nanoid@^3.3.16:
  version "3.3.17"
  resolved "https://ms-feed-17.pkgs.visualstudio.com/1es-public/_packaging/npm-public/npm/registry/nanoid/-/nanoid-3.3.17.tgz#f1c3aa253c52547956a52c50bff754316f61037a"
  integrity sha1-8cOqJTxSVHlWpSxQv/dUMW9hA3o=

picocolors@^1.1.1:
  version "1.1.1"
  resolved "https://ms-feed-2.pkgs.visualstudio.com/1es-public/_packaging/npm-public/npm/registry/picocolors/-/picocolors-1.1.1.tgz#3d321af3eab939b083c8f929a1d12cda81c26b6b"
  integrity sha1-PTIa8+q5ObCDyPkpodEs2oHCa2s=

picomatch@^4.0.4, picomatch@^4.0.5:
  version "4.0.5"
  resolved "https://ms-feed-2.pkgs.visualstudio.com/1es-public/_packaging/npm-public/npm/registry/picomatch/-/picomatch-4.0.5.tgz#51ea57a17d86f605f81039595fbc40ed06a55fab"
  integrity sha1-UepXoX2G9gX4EDlZX7xA7QalX6s=

postcss@^8.5.23:
  version "8.5.25"
  resolved "https://ms-feed-25.pkgs.visualstudio.com/1es-public/_packaging/npm-public/npm/registry/postcss/-/postcss-8.5.25.tgz#5012a598eaaa897f21bbe8553be3cb7bd2bd78cb"
  integrity sha1-UBKlmOqqiX8hu+hVO+PLe9K9eMs=
  dependencies:
    nanoid "^3.3.16"
    picocolors "^1.1.1"
    source-map-js "^1.2.1"

prettier@^3.9.6:
  version "3.9.6"
  resolved "https://ms-feed-17.pkgs.visualstudio.com/1es-public/_packaging/npm-public/npm/registry/prettier/-/prettier-3.9.6.tgz#b3ea5146515d40fc53f18aa63f74dfab1e10dbf6"
  integrity sha1-s+pRRlFdQPxT8YqmP3Tfqx4Q2/Y=

rolldown@~1.2.0:
  version "1.2.2"
  resolved "https://ms-feed-17.pkgs.visualstudio.com/1es-public/_packaging/npm-public/npm/registry/rolldown/-/rolldown-1.2.2.tgz#f28076716936bceda05e0d0559502a5ceb0a6e9e"
  integrity sha1-8oB2cWk2vO2gXg0FWVAqXOsKbp4=
  dependencies:
    "@oxc-project/types" "=0.142.0"
    "@rolldown/pluginutils" "^1.0.0"
  optionalDependencies:
    "@rolldown/binding-android-arm64" "1.2.2"
    "@rolldown/binding-darwin-arm64" "1.2.2"
    "@rolldown/binding-darwin-x64" "1.2.2"
    "@rolldown/binding-freebsd-x64" "1.2.2"
    "@rolldown/binding-linux-arm-gnueabihf" "1.2.2"
    "@rolldown/binding-linux-arm64-gnu" "1.2.2"
    "@rolldown/binding-linux-arm64-musl" "1.2.2"
    "@rolldown/binding-linux-ppc64-gnu" "1.2.2"
    "@rolldown/binding-linux-s390x-gnu" "1.2.2"
    "@rolldown/binding-linux-x64-gnu" "1.2.2"
    "@rolldown/binding-linux-x64-musl" "1.2.2"
    "@rolldown/binding-openharmony-arm64" "1.2.2"
    "@rolldown/binding-win32-arm64-msvc" "1.2.2"
    "@rolldown/binding-win32-x64-msvc" "1.2.2"

source-map-js@^1.2.1:
  version "1.2.1"
  resolved "https://ms-feed-12.pkgs.visualstudio.com/1es-public/_packaging/npm-public/npm/registry/source-map-js/-/source-map-js-1.2.1.tgz#1ce5650fddd87abc099eda37dcff024c2667ae46"
  integrity sha1-HOVlD93YerwJnto33P8CTCZnrkY=

style-mod@^4.0.0, style-mod@^4.1.0:
  version "4.1.3"
  resolved "https://ms-feed-25.pkgs.visualstudio.com/1es-public/_packaging/npm-public/npm/registry/style-mod/-/style-mod-4.1.3.tgz#6e9012255bb799bdac37e288f7671b5d71bf9f73"
  integrity sha1-bpASJVu3mb2sN+KI92cbXXG/n3M=

tinyglobby@^0.2.17:
  version "0.2.17"
  resolved "https://ms-feed-17.pkgs.visualstudio.com/1es-public/_packaging/npm-public/npm/registry/tinyglobby/-/tinyglobby-0.2.17.tgz#562a9a6c9eb2b3b123d39719f9af5bb44fcd7631"
  integrity sha1-ViqabJ6ys7Ej05cZ+a9btE/NdjE=
  dependencies:
    fdir "^6.5.0"
    picomatch "^4.0.4"

typescript@^5.0.0:
  version "5.9.3"
  resolved "https://ms-feed-12.pkgs.visualstudio.com/1es-public/_packaging/npm-public/npm/registry/typescript/-/typescript-5.9.3.tgz#5b4f59e15310ab17a216f5d6cf53ee476ede670f"
  integrity sha1-W09Z4VMQqxeiFvXWz1PuR27eZw8=

undici-types@~6.21.0:
  version "6.21.0"
  resolved "https://ms-feed-25.pkgs.visualstudio.com/1es-public/_packaging/npm-public/npm/registry/undici-types/-/undici-types-6.21.0.tgz#691d00af3909be93a7faa13be61b3a5b50ef12cb"
  integrity sha1-aR0ArzkJvpOn+qE75hs6W1DvEss=

vite@^8.0.0:
  version "8.2.0"
  resolved "https://ms-feed-12.pkgs.visualstudio.com/1es-public/_packaging/npm-public/npm/registry/vite/-/vite-8.2.0.tgz#902fcd3dc0312f553c85b6cbc4625dcaca2d8df8"
  integrity sha1-kC/NPcAxL1U8hbbLxGJdysotjfg=
  dependencies:
    lightningcss "^1.33.0"
    picomatch "^4.0.5"
    postcss "^8.5.23"
    rolldown "~1.2.0"
    tinyglobby "^0.2.17"
  optionalDependencies:
    fsevents "~2.3.3"

w3c-keyname@^2.2.4:
  version "2.2.8"
  resolved "https://ms-feed-12.pkgs.visualstudio.com/1es-public/_packaging/npm-public/npm/registry/w3c-keyname/-/w3c-keyname-2.2.8.tgz#7b17c8c6883d4e8b86ac8aba79d39e880f8869c5"
  integrity sha1-exfIxog9TouGrIq6edOeiA+IacU=
